PODS:
  - FBSnapshotTestCase (2.1.4):
    - FBSnapshotTestCase/SwiftSupport (= 2.1.4)
  - FBSnapshotTestCase/Core (2.1.4)
  - FBSnapshotTestCase/SwiftSupport (2.1.4):
    - FBSnapshotTestCase/Core
  - FDFullscreenPopGesture (1.1)
  - VEUI (0.2.4)

DEPENDENCIES:
  - FBSnapshotTestCase
  - FDFullscreenPopGesture (= 1.1)
  - VEUI (from `../VEUI.podspec`)

SPEC REPOS:
  https://github.com/CocoaPods/Specs.git:
    - FBSnapshotTestCase
    - FDFullscreenPopGesture

EXTERNAL SOURCES:
  VEUI:
    :path: "../VEUI.podspec"

SPEC CHECKSUMS:
  FBSnapshotTestCase: 094f9f314decbabe373b87cc339bea235a63e07a
  FDFullscreenPopGesture: a8a620179e3d9c40e8e00256dcee1c1a27c6d0f0
  VEUI: acfb288cc9a955928e10644cb045f9cf542205a1

PODFILE CHECKSUM: 8c6b89eff61efee6643b0f081e92fb5210d23822

COCOAPODS: 1.10.1
