// !$*UTF8*$!
{
	archiveVersion = 1;
	classes = {
	};
	objectVersion = 46;
	objects = {

/* Begin PBXBuildFile section */
		1708741C26FAD0E80022FD8E /* VEBubbleViewController.m in Sources */ = {isa = PBXBuildFile; fileRef = 1708741B26FAD0E80022FD8E /* VEBubbleViewController.m */; };
		1710480C271FC273000EB447 /* VEUIViewCategoryViewController.m in Sources */ = {isa = PBXBuildFile; fileRef = 1710480B271FC273000EB447 /* VEUIViewCategoryViewController.m */; };
		175A02F4268AB2EE008A6D79 /* VEUIAlertCategoryViewController.m in Sources */ = {isa = PBXBuildFile; fileRef = 175A02F3268AB2EE008A6D79 /* VEUIAlertCategoryViewController.m */; };
		176DC55125F6591A006F6BAA /* VEPopoverViewController.m in Sources */ = {isa = PBXBuildFile; fileRef = 176DC55025F6591A006F6BAA /* VEPopoverViewController.m */; };
		177708E925E76BFA00B9937B /* VEImageBrowserViewController.m in Sources */ = {isa = PBXBuildFile; fileRef = 177708E825E76BFA00B9937B /* VEImageBrowserViewController.m */; };
		1778CE092671A6C500277EF1 /* VEUITabbarCategoryController.m in Sources */ = {isa = PBXBuildFile; fileRef = 1778CE082671A6C500277EF1 /* VEUITabbarCategoryController.m */; };
		177A43B52684182E00FC0B6E /* VEBannerController.m in Sources */ = {isa = PBXBuildFile; fileRef = 177A43B42684182E00FC0B6E /* VEBannerController.m */; };
		177B02CE25F748D90006D692 /* VEModelController.m in Sources */ = {isa = PBXBuildFile; fileRef = 177B02CD25F748D90006D692 /* VEModelController.m */; };
		177B02D525F7490A0006D692 /* VETestModel.m in Sources */ = {isa = PBXBuildFile; fileRef = 177B02D425F7490A0006D692 /* VETestModel.m */; };
		177B0A8125F9F2C1003E37A0 /* VETestSubModel.m in Sources */ = {isa = PBXBuildFile; fileRef = 177B0A8025F9F2C1003E37A0 /* VETestSubModel.m */; };
		177B0ACD25FA259A003E37A0 /* VETestSonSubModel.m in Sources */ = {isa = PBXBuildFile; fileRef = 177B0ACC25FA259A003E37A0 /* VETestSonSubModel.m */; };
		178AE4B425F1CFD400B3863E /* test.png in Resources */ = {isa = PBXBuildFile; fileRef = 178AE4B325F1CFD400B3863E /* test.png */; };
		178AE4BA25F1D08000B3863E /* VEUIImageCategoryViewController.m in Sources */ = {isa = PBXBuildFile; fileRef = 178AE4B925F1D08000B3863E /* VEUIImageCategoryViewController.m */; };
		178CFF9E25E493CA00699E7D /* VEToastViewController.m in Sources */ = {isa = PBXBuildFile; fileRef = 178CFF9D25E493CA00699E7D /* VEToastViewController.m */; };
		178CFFA325E4943300699E7D /* VEUIModel.m in Sources */ = {isa = PBXBuildFile; fileRef = 178CFFA225E4943300699E7D /* VEUIModel.m */; };
		178CFFC125E50AD100699E7D /* refresh@2x.png in Resources */ = {isa = PBXBuildFile; fileRef = 178CFFC025E50AD100699E7D /* refresh@2x.png */; };
		1797416325F88FE40013F198 /* VETabController.m in Sources */ = {isa = PBXBuildFile; fileRef = 1797416225F88FE40013F198 /* VETabController.m */; };
		179741C725F907A80013F198 /* VENoticeBarController.m in Sources */ = {isa = PBXBuildFile; fileRef = 179741C625F907A80013F198 /* VENoticeBarController.m */; };
		17B275B92601E3BD0064A173 /* VETabContentView.m in Sources */ = {isa = PBXBuildFile; fileRef = 17B275B82601E3BD0064A173 /* VETabContentView.m */; };
		17C5BA80266F6326000AB312 /* VEUITextViewCategoryViewController.m in Sources */ = {isa = PBXBuildFile; fileRef = 17C5BA7F266F6326000AB312 /* VEUITextViewCategoryViewController.m */; };
		17CBB4D22685731E00193142 /* VECollectionViewFlowLayoutController.m in Sources */ = {isa = PBXBuildFile; fileRef = 17CBB4D12685731E00193142 /* VECollectionViewFlowLayoutController.m */; };
		228939E394DA370A7C8F31D4 /* Pods_VEUI_Tests.framework in Frameworks */ = {isa = PBXBuildFile; fileRef = B161678FBE5DC59FC24CE76E /* Pods_VEUI_Tests.framework */; };
		3F98BEDF2E40DAD015490C97 /* Pods_VEUI_Example.framework in Frameworks */ = {isa = PBXBuildFile; fileRef = 563EA48E22F46418A26F074F /* Pods_VEUI_Example.framework */; };
		6003F58E195388D20070C39A /* Foundation.framework in Frameworks */ = {isa = PBXBuildFile; fileRef = 6003F58D195388D20070C39A /* Foundation.framework */; };
		6003F590195388D20070C39A /* CoreGraphics.framework in Frameworks */ = {isa = PBXBuildFile; fileRef = 6003F58F195388D20070C39A /* CoreGraphics.framework */; };
		6003F592195388D20070C39A /* UIKit.framework in Frameworks */ = {isa = PBXBuildFile; fileRef = 6003F591195388D20070C39A /* UIKit.framework */; };
		6003F598195388D20070C39A /* InfoPlist.strings in Resources */ = {isa = PBXBuildFile; fileRef = 6003F596195388D20070C39A /* InfoPlist.strings */; };
		6003F59A195388D20070C39A /* main.m in Sources */ = {isa = PBXBuildFile; fileRef = 6003F599195388D20070C39A /* main.m */; };
		6003F59E195388D20070C39A /* VEUIAppDelegate.m in Sources */ = {isa = PBXBuildFile; fileRef = 6003F59D195388D20070C39A /* VEUIAppDelegate.m */; };
		6003F5A7195388D20070C39A /* VEUIViewController.m in Sources */ = {isa = PBXBuildFile; fileRef = 6003F5A6195388D20070C39A /* VEUIViewController.m */; };
		6003F5A9195388D20070C39A /* Images.xcassets in Resources */ = {isa = PBXBuildFile; fileRef = 6003F5A8195388D20070C39A /* Images.xcassets */; };
		6003F5B0195388D20070C39A /* XCTest.framework in Frameworks */ = {isa = PBXBuildFile; fileRef = 6003F5AF195388D20070C39A /* XCTest.framework */; };
		6003F5B1195388D20070C39A /* Foundation.framework in Frameworks */ = {isa = PBXBuildFile; fileRef = 6003F58D195388D20070C39A /* Foundation.framework */; };
		6003F5B2195388D20070C39A /* UIKit.framework in Frameworks */ = {isa = PBXBuildFile; fileRef = 6003F591195388D20070C39A /* UIKit.framework */; };
		6003F5BA195388D20070C39A /* InfoPlist.strings in Resources */ = {isa = PBXBuildFile; fileRef = 6003F5B8195388D20070C39A /* InfoPlist.strings */; };
		6003F5BC195388D20070C39A /* Tests.m in Sources */ = {isa = PBXBuildFile; fileRef = 6003F5BB195388D20070C39A /* Tests.m */; };
		71719F9F1E33DC2100824A3D /* LaunchScreen.storyboard in Resources */ = {isa = PBXBuildFile; fileRef = 71719F9D1E33DC2100824A3D /* LaunchScreen.storyboard */; };
		873B8AEB1B1F5CCA007FD442 /* Main.storyboard in Resources */ = {isa = PBXBuildFile; fileRef = 873B8AEA1B1F5CCA007FD442 /* Main.storyboard */; };
/* End PBXBuildFile section */

/* Begin PBXContainerItemProxy section */
		6003F5B3195388D20070C39A /* PBXContainerItemProxy */ = {
			isa = PBXContainerItemProxy;
			containerPortal = 6003F582195388D10070C39A /* Project object */;
			proxyType = 1;
			remoteGlobalIDString = 6003F589195388D20070C39A;
			remoteInfo = VEUI;
		};
/* End PBXContainerItemProxy section */

/* Begin PBXFileReference section */
		1708741A26FAD0E80022FD8E /* VEBubbleViewController.h */ = {isa = PBXFileReference; lastKnownFileType = sourcecode.c.h; path = VEBubbleViewController.h; sourceTree = "<group>"; };
		1708741B26FAD0E80022FD8E /* VEBubbleViewController.m */ = {isa = PBXFileReference; lastKnownFileType = sourcecode.c.objc; path = VEBubbleViewController.m; sourceTree = "<group>"; };
		1710480A271FC273000EB447 /* VEUIViewCategoryViewController.h */ = {isa = PBXFileReference; lastKnownFileType = sourcecode.c.h; path = VEUIViewCategoryViewController.h; sourceTree = "<group>"; };
		1710480B271FC273000EB447 /* VEUIViewCategoryViewController.m */ = {isa = PBXFileReference; lastKnownFileType = sourcecode.c.objc; path = VEUIViewCategoryViewController.m; sourceTree = "<group>"; };
		175A02F2268AB2EE008A6D79 /* VEUIAlertCategoryViewController.h */ = {isa = PBXFileReference; lastKnownFileType = sourcecode.c.h; path = VEUIAlertCategoryViewController.h; sourceTree = "<group>"; };
		175A02F3268AB2EE008A6D79 /* VEUIAlertCategoryViewController.m */ = {isa = PBXFileReference; lastKnownFileType = sourcecode.c.objc; path = VEUIAlertCategoryViewController.m; sourceTree = "<group>"; };
		176DC54F25F6591A006F6BAA /* VEPopoverViewController.h */ = {isa = PBXFileReference; lastKnownFileType = sourcecode.c.h; path = VEPopoverViewController.h; sourceTree = "<group>"; };
		176DC55025F6591A006F6BAA /* VEPopoverViewController.m */ = {isa = PBXFileReference; lastKnownFileType = sourcecode.c.objc; path = VEPopoverViewController.m; sourceTree = "<group>"; };
		177708E725E76BFA00B9937B /* VEImageBrowserViewController.h */ = {isa = PBXFileReference; lastKnownFileType = sourcecode.c.h; path = VEImageBrowserViewController.h; sourceTree = "<group>"; };
		177708E825E76BFA00B9937B /* VEImageBrowserViewController.m */ = {isa = PBXFileReference; lastKnownFileType = sourcecode.c.objc; path = VEImageBrowserViewController.m; sourceTree = "<group>"; };
		1778CE072671A6C500277EF1 /* VEUITabbarCategoryController.h */ = {isa = PBXFileReference; lastKnownFileType = sourcecode.c.h; path = VEUITabbarCategoryController.h; sourceTree = "<group>"; };
		1778CE082671A6C500277EF1 /* VEUITabbarCategoryController.m */ = {isa = PBXFileReference; lastKnownFileType = sourcecode.c.objc; path = VEUITabbarCategoryController.m; sourceTree = "<group>"; };
		177A43B32684182E00FC0B6E /* VEBannerController.h */ = {isa = PBXFileReference; lastKnownFileType = sourcecode.c.h; path = VEBannerController.h; sourceTree = "<group>"; };
		177A43B42684182E00FC0B6E /* VEBannerController.m */ = {isa = PBXFileReference; lastKnownFileType = sourcecode.c.objc; path = VEBannerController.m; sourceTree = "<group>"; };
		177B02CC25F748D90006D692 /* VEModelController.h */ = {isa = PBXFileReference; lastKnownFileType = sourcecode.c.h; path = VEModelController.h; sourceTree = "<group>"; };
		177B02CD25F748D90006D692 /* VEModelController.m */ = {isa = PBXFileReference; lastKnownFileType = sourcecode.c.objc; path = VEModelController.m; sourceTree = "<group>"; };
		177B02D325F7490A0006D692 /* VETestModel.h */ = {isa = PBXFileReference; lastKnownFileType = sourcecode.c.h; path = VETestModel.h; sourceTree = "<group>"; };
		177B02D425F7490A0006D692 /* VETestModel.m */ = {isa = PBXFileReference; lastKnownFileType = sourcecode.c.objc; path = VETestModel.m; sourceTree = "<group>"; };
		177B0A7F25F9F2C1003E37A0 /* VETestSubModel.h */ = {isa = PBXFileReference; lastKnownFileType = sourcecode.c.h; path = VETestSubModel.h; sourceTree = "<group>"; };
		177B0A8025F9F2C1003E37A0 /* VETestSubModel.m */ = {isa = PBXFileReference; lastKnownFileType = sourcecode.c.objc; path = VETestSubModel.m; sourceTree = "<group>"; };
		177B0ACB25FA259A003E37A0 /* VETestSonSubModel.h */ = {isa = PBXFileReference; lastKnownFileType = sourcecode.c.h; path = VETestSonSubModel.h; sourceTree = "<group>"; };
		177B0ACC25FA259A003E37A0 /* VETestSonSubModel.m */ = {isa = PBXFileReference; lastKnownFileType = sourcecode.c.objc; path = VETestSonSubModel.m; sourceTree = "<group>"; };
		178AE4B325F1CFD400B3863E /* test.png */ = {isa = PBXFileReference; lastKnownFileType = image.png; path = test.png; sourceTree = "<group>"; };
		178AE4B825F1D08000B3863E /* VEUIImageCategoryViewController.h */ = {isa = PBXFileReference; lastKnownFileType = sourcecode.c.h; path = VEUIImageCategoryViewController.h; sourceTree = "<group>"; };
		178AE4B925F1D08000B3863E /* VEUIImageCategoryViewController.m */ = {isa = PBXFileReference; lastKnownFileType = sourcecode.c.objc; path = VEUIImageCategoryViewController.m; sourceTree = "<group>"; };
		178CFF9C25E493CA00699E7D /* VEToastViewController.h */ = {isa = PBXFileReference; fileEncoding = 4; lastKnownFileType = sourcecode.c.h; path = VEToastViewController.h; sourceTree = "<group>"; };
		178CFF9D25E493CA00699E7D /* VEToastViewController.m */ = {isa = PBXFileReference; fileEncoding = 4; lastKnownFileType = sourcecode.c.objc; path = VEToastViewController.m; sourceTree = "<group>"; };
		178CFFA125E4943300699E7D /* VEUIModel.h */ = {isa = PBXFileReference; lastKnownFileType = sourcecode.c.h; path = VEUIModel.h; sourceTree = "<group>"; };
		178CFFA225E4943300699E7D /* VEUIModel.m */ = {isa = PBXFileReference; lastKnownFileType = sourcecode.c.objc; path = VEUIModel.m; sourceTree = "<group>"; };
		178CFFC025E50AD100699E7D /* refresh@2x.png */ = {isa = PBXFileReference; lastKnownFileType = image.png; path = "refresh@2x.png"; sourceTree = "<group>"; };
		1797416125F88FE40013F198 /* VETabController.h */ = {isa = PBXFileReference; lastKnownFileType = sourcecode.c.h; path = VETabController.h; sourceTree = "<group>"; };
		1797416225F88FE40013F198 /* VETabController.m */ = {isa = PBXFileReference; lastKnownFileType = sourcecode.c.objc; path = VETabController.m; sourceTree = "<group>"; };
		179741C525F907A80013F198 /* VENoticeBarController.h */ = {isa = PBXFileReference; lastKnownFileType = sourcecode.c.h; path = VENoticeBarController.h; sourceTree = "<group>"; };
		179741C625F907A80013F198 /* VENoticeBarController.m */ = {isa = PBXFileReference; lastKnownFileType = sourcecode.c.objc; path = VENoticeBarController.m; sourceTree = "<group>"; };
		17B275B72601E3BD0064A173 /* VETabContentView.h */ = {isa = PBXFileReference; lastKnownFileType = sourcecode.c.h; path = VETabContentView.h; sourceTree = "<group>"; };
		17B275B82601E3BD0064A173 /* VETabContentView.m */ = {isa = PBXFileReference; lastKnownFileType = sourcecode.c.objc; path = VETabContentView.m; sourceTree = "<group>"; };
		17C5BA7E266F6326000AB312 /* VEUITextViewCategoryViewController.h */ = {isa = PBXFileReference; lastKnownFileType = sourcecode.c.h; path = VEUITextViewCategoryViewController.h; sourceTree = "<group>"; };
		17C5BA7F266F6326000AB312 /* VEUITextViewCategoryViewController.m */ = {isa = PBXFileReference; lastKnownFileType = sourcecode.c.objc; path = VEUITextViewCategoryViewController.m; sourceTree = "<group>"; };
		17CBB4D02685731E00193142 /* VECollectionViewFlowLayoutController.h */ = {isa = PBXFileReference; lastKnownFileType = sourcecode.c.h; path = VECollectionViewFlowLayoutController.h; sourceTree = "<group>"; };
		17CBB4D12685731E00193142 /* VECollectionViewFlowLayoutController.m */ = {isa = PBXFileReference; lastKnownFileType = sourcecode.c.objc; path = VECollectionViewFlowLayoutController.m; sourceTree = "<group>"; };
		1E109A29C6B4F1DBACEEE42A /* Pods-VEUI_Tests.release.xcconfig */ = {isa = PBXFileReference; includeInIndex = 1; lastKnownFileType = text.xcconfig; name = "Pods-VEUI_Tests.release.xcconfig"; path = "Target Support Files/Pods-VEUI_Tests/Pods-VEUI_Tests.release.xcconfig"; sourceTree = "<group>"; };
		27CAF832562C2A5EBF6623ED /* VEUI.podspec */ = {isa = PBXFileReference; includeInIndex = 1; lastKnownFileType = text; name = VEUI.podspec; path = ../VEUI.podspec; sourceTree = "<group>"; xcLanguageSpecificationIdentifier = xcode.lang.ruby; };
		563EA48E22F46418A26F074F /* Pods_VEUI_Example.framework */ = {isa = PBXFileReference; explicitFileType = wrapper.framework; includeInIndex = 0; path = Pods_VEUI_Example.framework; sourceTree = BUILT_PRODUCTS_DIR; };
		5CBAC9892815EAA160C315BB /* Pods-VEUI_Tests.debug.xcconfig */ = {isa = PBXFileReference; includeInIndex = 1; lastKnownFileType = text.xcconfig; name = "Pods-VEUI_Tests.debug.xcconfig"; path = "Target Support Files/Pods-VEUI_Tests/Pods-VEUI_Tests.debug.xcconfig"; sourceTree = "<group>"; };
		6003F58A195388D20070C39A /* VEUI_Example.app */ = {isa = PBXFileReference; explicitFileType = wrapper.application; includeInIndex = 0; path = VEUI_Example.app; sourceTree = BUILT_PRODUCTS_DIR; };
		6003F58D195388D20070C39A /* Foundation.framework */ = {isa = PBXFileReference; lastKnownFileType = wrapper.framework; name = Foundation.framework; path = System/Library/Frameworks/Foundation.framework; sourceTree = SDKROOT; };
		6003F58F195388D20070C39A /* CoreGraphics.framework */ = {isa = PBXFileReference; lastKnownFileType = wrapper.framework; name = CoreGraphics.framework; path = System/Library/Frameworks/CoreGraphics.framework; sourceTree = SDKROOT; };
		6003F591195388D20070C39A /* UIKit.framework */ = {isa = PBXFileReference; lastKnownFileType = wrapper.framework; name = UIKit.framework; path = System/Library/Frameworks/UIKit.framework; sourceTree = SDKROOT; };
		6003F595195388D20070C39A /* VEUI-Info.plist */ = {isa = PBXFileReference; lastKnownFileType = text.plist.xml; path = "VEUI-Info.plist"; sourceTree = "<group>"; };
		6003F597195388D20070C39A /* en */ = {isa = PBXFileReference; lastKnownFileType = text.plist.strings; name = en; path = en.lproj/InfoPlist.strings; sourceTree = "<group>"; };
		6003F599195388D20070C39A /* main.m */ = {isa = PBXFileReference; lastKnownFileType = sourcecode.c.objc; path = main.m; sourceTree = "<group>"; };
		6003F59B195388D20070C39A /* VEUI-Prefix.pch */ = {isa = PBXFileReference; lastKnownFileType = sourcecode.c.h; path = "VEUI-Prefix.pch"; sourceTree = "<group>"; };
		6003F59C195388D20070C39A /* VEUIAppDelegate.h */ = {isa = PBXFileReference; lastKnownFileType = sourcecode.c.h; path = VEUIAppDelegate.h; sourceTree = "<group>"; };
		6003F59D195388D20070C39A /* VEUIAppDelegate.m */ = {isa = PBXFileReference; lastKnownFileType = sourcecode.c.objc; path = VEUIAppDelegate.m; sourceTree = "<group>"; };
		6003F5A5195388D20070C39A /* VEUIViewController.h */ = {isa = PBXFileReference; lastKnownFileType = sourcecode.c.h; path = VEUIViewController.h; sourceTree = "<group>"; };
		6003F5A6195388D20070C39A /* VEUIViewController.m */ = {isa = PBXFileReference; lastKnownFileType = sourcecode.c.objc; path = VEUIViewController.m; sourceTree = "<group>"; };
		6003F5A8195388D20070C39A /* Images.xcassets */ = {isa = PBXFileReference; lastKnownFileType = folder.assetcatalog; path = Images.xcassets; sourceTree = "<group>"; };
		6003F5AE195388D20070C39A /* VEUI_Tests.xctest */ = {isa = PBXFileReference; explicitFileType = wrapper.cfbundle; includeInIndex = 0; path = VEUI_Tests.xctest; sourceTree = BUILT_PRODUCTS_DIR; };
		6003F5AF195388D20070C39A /* XCTest.framework */ = {isa = PBXFileReference; lastKnownFileType = wrapper.framework; name = XCTest.framework; path = Library/Frameworks/XCTest.framework; sourceTree = DEVELOPER_DIR; };
		6003F5B7195388D20070C39A /* Tests-Info.plist */ = {isa = PBXFileReference; lastKnownFileType = text.plist.xml; path = "Tests-Info.plist"; sourceTree = "<group>"; };
		6003F5B9195388D20070C39A /* en */ = {isa = PBXFileReference; lastKnownFileType = text.plist.strings; name = en; path = en.lproj/InfoPlist.strings; sourceTree = "<group>"; };
		6003F5BB195388D20070C39A /* Tests.m */ = {isa = PBXFileReference; lastKnownFileType = sourcecode.c.objc; path = Tests.m; sourceTree = "<group>"; };
		606FC2411953D9B200FFA9A0 /* Tests-Prefix.pch */ = {isa = PBXFileReference; lastKnownFileType = sourcecode.c.h; path = "Tests-Prefix.pch"; sourceTree = "<group>"; };
		65CE6B093FD9C0E15D9CC7D3 /* README.md */ = {isa = PBXFileReference; includeInIndex = 1; lastKnownFileType = net.daringfireball.markdown; name = README.md; path = ../README.md; sourceTree = "<group>"; };
		65D9A319D96955CFFDA0C504 /* Pods-VEUI_Example.debug.xcconfig */ = {isa = PBXFileReference; includeInIndex = 1; lastKnownFileType = text.xcconfig; name = "Pods-VEUI_Example.debug.xcconfig"; path = "Target Support Files/Pods-VEUI_Example/Pods-VEUI_Example.debug.xcconfig"; sourceTree = "<group>"; };
		71719F9E1E33DC2100824A3D /* Base */ = {isa = PBXFileReference; lastKnownFileType = file.storyboard; name = Base; path = Base.lproj/LaunchScreen.storyboard; sourceTree = "<group>"; };
		873B8AEA1B1F5CCA007FD442 /* Main.storyboard */ = {isa = PBXFileReference; fileEncoding = 4; lastKnownFileType = file.storyboard; path = Main.storyboard; sourceTree = "<group>"; };
		8968CB0F7BFA7F29D787824B /* LICENSE */ = {isa = PBXFileReference; includeInIndex = 1; lastKnownFileType = text; name = LICENSE; path = ../LICENSE; sourceTree = "<group>"; };
		B161678FBE5DC59FC24CE76E /* Pods_VEUI_Tests.framework */ = {isa = PBXFileReference; explicitFileType = wrapper.framework; includeInIndex = 0; path = Pods_VEUI_Tests.framework; sourceTree = BUILT_PRODUCTS_DIR; };
		DFA54D22401755049A4188B8 /* Pods-VEUI_Example.release.xcconfig */ = {isa = PBXFileReference; includeInIndex = 1; lastKnownFileType = text.xcconfig; name = "Pods-VEUI_Example.release.xcconfig"; path = "Target Support Files/Pods-VEUI_Example/Pods-VEUI_Example.release.xcconfig"; sourceTree = "<group>"; };
/* End PBXFileReference section */

/* Begin PBXFrameworksBuildPhase section */
		6003F587195388D20070C39A /* Frameworks */ = {
			isa = PBXFrameworksBuildPhase;
			buildActionMask = 2147483647;
			files = (
				6003F590195388D20070C39A /* CoreGraphics.framework in Frameworks */,
				6003F592195388D20070C39A /* UIKit.framework in Frameworks */,
				6003F58E195388D20070C39A /* Foundation.framework in Frameworks */,
				3F98BEDF2E40DAD015490C97 /* Pods_VEUI_Example.framework in Frameworks */,
			);
			runOnlyForDeploymentPostprocessing = 0;
		};
		6003F5AB195388D20070C39A /* Frameworks */ = {
			isa = PBXFrameworksBuildPhase;
			buildActionMask = 2147483647;
			files = (
				6003F5B0195388D20070C39A /* XCTest.framework in Frameworks */,
				6003F5B2195388D20070C39A /* UIKit.framework in Frameworks */,
				6003F5B1195388D20070C39A /* Foundation.framework in Frameworks */,
				228939E394DA370A7C8F31D4 /* Pods_VEUI_Tests.framework in Frameworks */,
			);
			runOnlyForDeploymentPostprocessing = 0;
		};
/* End PBXFrameworksBuildPhase section */

/* Begin PBXGroup section */
		1708741926FAD0B30022FD8E /* VEBubbleView */ = {
			isa = PBXGroup;
			children = (
				1708741A26FAD0E80022FD8E /* VEBubbleViewController.h */,
				1708741B26FAD0E80022FD8E /* VEBubbleViewController.m */,
			);
			path = VEBubbleView;
			sourceTree = "<group>";
		};
		176DC54E25F65902006F6BAA /* VEPopover */ = {
			isa = PBXGroup;
			children = (
				176DC54F25F6591A006F6BAA /* VEPopoverViewController.h */,
				176DC55025F6591A006F6BAA /* VEPopoverViewController.m */,
			);
			path = VEPopover;
			sourceTree = "<group>";
		};
		177708DF25E76B9400B9937B /* VEImageBrowser */ = {
			isa = PBXGroup;
			children = (
				177708E725E76BFA00B9937B /* VEImageBrowserViewController.h */,
				177708E825E76BFA00B9937B /* VEImageBrowserViewController.m */,
			);
			path = VEImageBrowser;
			sourceTree = "<group>";
		};
		177A43B22684180C00FC0B6E /* VEBanner */ = {
			isa = PBXGroup;
			children = (
				177A43B32684182E00FC0B6E /* VEBannerController.h */,
				177A43B42684182E00FC0B6E /* VEBannerController.m */,
			);
			path = VEBanner;
			sourceTree = "<group>";
		};
		177B02CB25F748A60006D692 /* VEModel */ = {
			isa = PBXGroup;
			children = (
				177B02CC25F748D90006D692 /* VEModelController.h */,
				177B02CD25F748D90006D692 /* VEModelController.m */,
				177B02D325F7490A0006D692 /* VETestModel.h */,
				177B02D425F7490A0006D692 /* VETestModel.m */,
				177B0A7F25F9F2C1003E37A0 /* VETestSubModel.h */,
				177B0A8025F9F2C1003E37A0 /* VETestSubModel.m */,
				177B0ACB25FA259A003E37A0 /* VETestSonSubModel.h */,
				177B0ACC25FA259A003E37A0 /* VETestSonSubModel.m */,
			);
			path = VEModel;
			sourceTree = "<group>";
		};
		178AE4B725F1D04400B3863E /* Category */ = {
			isa = PBXGroup;
			children = (
				178AE4B825F1D08000B3863E /* VEUIImageCategoryViewController.h */,
				178AE4B925F1D08000B3863E /* VEUIImageCategoryViewController.m */,
				17C5BA7E266F6326000AB312 /* VEUITextViewCategoryViewController.h */,
				17C5BA7F266F6326000AB312 /* VEUITextViewCategoryViewController.m */,
				1778CE072671A6C500277EF1 /* VEUITabbarCategoryController.h */,
				1778CE082671A6C500277EF1 /* VEUITabbarCategoryController.m */,
				175A02F2268AB2EE008A6D79 /* VEUIAlertCategoryViewController.h */,
				175A02F3268AB2EE008A6D79 /* VEUIAlertCategoryViewController.m */,
				1710480A271FC273000EB447 /* VEUIViewCategoryViewController.h */,
				1710480B271FC273000EB447 /* VEUIViewCategoryViewController.m */,
			);
			path = Category;
			sourceTree = "<group>";
		};
		178CFF9B25E493CA00699E7D /* VEToast */ = {
			isa = PBXGroup;
			children = (
				178CFFC025E50AD100699E7D /* refresh@2x.png */,
				178CFF9C25E493CA00699E7D /* VEToastViewController.h */,
				178CFF9D25E493CA00699E7D /* VEToastViewController.m */,
			);
			path = VEToast;
			sourceTree = "<group>";
		};
		1797416025F88FC10013F198 /* VETab */ = {
			isa = PBXGroup;
			children = (
				1797416125F88FE40013F198 /* VETabController.h */,
				1797416225F88FE40013F198 /* VETabController.m */,
				17B275B72601E3BD0064A173 /* VETabContentView.h */,
				17B275B82601E3BD0064A173 /* VETabContentView.m */,
			);
			path = VETab;
			sourceTree = "<group>";
		};
		179741C425F9078E0013F198 /* VENoticeBar */ = {
			isa = PBXGroup;
			children = (
				179741C525F907A80013F198 /* VENoticeBarController.h */,
				179741C625F907A80013F198 /* VENoticeBarController.m */,
			);
			path = VENoticeBar;
			sourceTree = "<group>";
		};
		17CBB4CF268572F300193142 /* VECollectionViewFlowLayout */ = {
			isa = PBXGroup;
			children = (
				17CBB4D02685731E00193142 /* VECollectionViewFlowLayoutController.h */,
				17CBB4D12685731E00193142 /* VECollectionViewFlowLayoutController.m */,
			);
			path = VECollectionViewFlowLayout;
			sourceTree = "<group>";
		};
		6003F581195388D10070C39A = {
			isa = PBXGroup;
			children = (
				60FF7A9C1954A5C5007DD14C /* Podspec Metadata */,
				6003F593195388D20070C39A /* Example for VEUI */,
				6003F5B5195388D20070C39A /* Tests */,
				6003F58C195388D20070C39A /* Frameworks */,
				6003F58B195388D20070C39A /* Products */,
				AD119A00C0F415D85155FC72 /* Pods */,
			);
			sourceTree = "<group>";
		};
		6003F58B195388D20070C39A /* Products */ = {
			isa = PBXGroup;
			children = (
				6003F58A195388D20070C39A /* VEUI_Example.app */,
				6003F5AE195388D20070C39A /* VEUI_Tests.xctest */,
			);
			name = Products;
			sourceTree = "<group>";
		};
		6003F58C195388D20070C39A /* Frameworks */ = {
			isa = PBXGroup;
			children = (
				6003F58D195388D20070C39A /* Foundation.framework */,
				6003F58F195388D20070C39A /* CoreGraphics.framework */,
				6003F591195388D20070C39A /* UIKit.framework */,
				6003F5AF195388D20070C39A /* XCTest.framework */,
				563EA48E22F46418A26F074F /* Pods_VEUI_Example.framework */,
				B161678FBE5DC59FC24CE76E /* Pods_VEUI_Tests.framework */,
			);
			name = Frameworks;
			sourceTree = "<group>";
		};
		6003F593195388D20070C39A /* Example for VEUI */ = {
			isa = PBXGroup;
			children = (
				6003F59C195388D20070C39A /* VEUIAppDelegate.h */,
				6003F59D195388D20070C39A /* VEUIAppDelegate.m */,
				178CFFA125E4943300699E7D /* VEUIModel.h */,
				178CFFA225E4943300699E7D /* VEUIModel.m */,
				6003F5A5195388D20070C39A /* VEUIViewController.h */,
				6003F5A6195388D20070C39A /* VEUIViewController.m */,
				178AE4B725F1D04400B3863E /* Category */,
				177A43B22684180C00FC0B6E /* VEBanner */,
				1708741926FAD0B30022FD8E /* VEBubbleView */,
				17CBB4CF268572F300193142 /* VECollectionViewFlowLayout */,
				177708DF25E76B9400B9937B /* VEImageBrowser */,
				177B02CB25F748A60006D692 /* VEModel */,
				179741C425F9078E0013F198 /* VENoticeBar */,
				176DC54E25F65902006F6BAA /* VEPopover */,
				1797416025F88FC10013F198 /* VETab */,
				178CFF9B25E493CA00699E7D /* VEToast */,
				6003F594195388D20070C39A /* Supporting Files */,
			);
			name = "Example for VEUI";
			path = VEUI;
			sourceTree = "<group>";
		};
		6003F594195388D20070C39A /* Supporting Files */ = {
			isa = PBXGroup;
			children = (
				178AE4B325F1CFD400B3863E /* test.png */,
				873B8AEA1B1F5CCA007FD442 /* Main.storyboard */,
				6003F5A8195388D20070C39A /* Images.xcassets */,
				71719F9D1E33DC2100824A3D /* LaunchScreen.storyboard */,
				6003F595195388D20070C39A /* VEUI-Info.plist */,
				6003F596195388D20070C39A /* InfoPlist.strings */,
				6003F599195388D20070C39A /* main.m */,
				6003F59B195388D20070C39A /* VEUI-Prefix.pch */,
			);
			name = "Supporting Files";
			sourceTree = "<group>";
		};
		6003F5B5195388D20070C39A /* Tests */ = {
			isa = PBXGroup;
			children = (
				6003F5BB195388D20070C39A /* Tests.m */,
				6003F5B6195388D20070C39A /* Supporting Files */,
			);
			path = Tests;
			sourceTree = "<group>";
		};
		6003F5B6195388D20070C39A /* Supporting Files */ = {
			isa = PBXGroup;
			children = (
				6003F5B7195388D20070C39A /* Tests-Info.plist */,
				6003F5B8195388D20070C39A /* InfoPlist.strings */,
				606FC2411953D9B200FFA9A0 /* Tests-Prefix.pch */,
			);
			name = "Supporting Files";
			sourceTree = "<group>";
		};
		60FF7A9C1954A5C5007DD14C /* Podspec Metadata */ = {
			isa = PBXGroup;
			children = (
				27CAF832562C2A5EBF6623ED /* VEUI.podspec */,
				65CE6B093FD9C0E15D9CC7D3 /* README.md */,
				8968CB0F7BFA7F29D787824B /* LICENSE */,
			);
			name = "Podspec Metadata";
			sourceTree = "<group>";
		};
		AD119A00C0F415D85155FC72 /* Pods */ = {
			isa = PBXGroup;
			children = (
				65D9A319D96955CFFDA0C504 /* Pods-VEUI_Example.debug.xcconfig */,
				DFA54D22401755049A4188B8 /* Pods-VEUI_Example.release.xcconfig */,
				5CBAC9892815EAA160C315BB /* Pods-VEUI_Tests.debug.xcconfig */,
				1E109A29C6B4F1DBACEEE42A /* Pods-VEUI_Tests.release.xcconfig */,
			);
			path = Pods;
			sourceTree = "<group>";
		};
/* End PBXGroup section */

/* Begin PBXNativeTarget section */
		6003F589195388D20070C39A /* VEUI_Example */ = {
			isa = PBXNativeTarget;
			buildConfigurationList = 6003F5BF195388D20070C39A /* Build configuration list for PBXNativeTarget "VEUI_Example" */;
			buildPhases = (
				539DB25B162AF1ABE0473CF3 /* [CP] Check Pods Manifest.lock */,
				6003F586195388D20070C39A /* Sources */,
				6003F587195388D20070C39A /* Frameworks */,
				6003F588195388D20070C39A /* Resources */,
				397EE543E00B7377EE0DEB8B /* [CP] Embed Pods Frameworks */,
			);
			buildRules = (
			);
			dependencies = (
			);
			name = VEUI_Example;
			productName = VEUI;
			productReference = 6003F58A195388D20070C39A /* VEUI_Example.app */;
			productType = "com.apple.product-type.application";
		};
		6003F5AD195388D20070C39A /* VEUI_Tests */ = {
			isa = PBXNativeTarget;
			buildConfigurationList = 6003F5C2195388D20070C39A /* Build configuration list for PBXNativeTarget "VEUI_Tests" */;
			buildPhases = (
				5AF241F6119048F04144A5C5 /* [CP] Check Pods Manifest.lock */,
				6003F5AA195388D20070C39A /* Sources */,
				6003F5AB195388D20070C39A /* Frameworks */,
				6003F5AC195388D20070C39A /* Resources */,
				434589F02B8EED3226F763EB /* [CP] Embed Pods Frameworks */,
			);
			buildRules = (
			);
			dependencies = (
				6003F5B4195388D20070C39A /* PBXTargetDependency */,
			);
			name = VEUI_Tests;
			productName = VEUITests;
			productReference = 6003F5AE195388D20070C39A /* VEUI_Tests.xctest */;
			productType = "com.apple.product-type.bundle.unit-test";
		};
/* End PBXNativeTarget section */

/* Begin PBXProject section */
		6003F582195388D10070C39A /* Project object */ = {
			isa = PBXProject;
			attributes = {
				CLASSPREFIX = VEUI;
				LastUpgradeCheck = 0720;
				ORGANIZATIONNAME = Coder;
				TargetAttributes = {
					6003F589195388D20070C39A = {
						DevelopmentTeam = 4GC9T5YF3L;
					};
					6003F5AD195388D20070C39A = {
						TestTargetID = 6003F589195388D20070C39A;
					};
				};
			};
			buildConfigurationList = 6003F585195388D10070C39A /* Build configuration list for PBXProject "VEUI" */;
			compatibilityVersion = "Xcode 3.2";
			developmentRegion = English;
			hasScannedForEncodings = 0;
			knownRegions = (
				English,
				en,
				Base,
			);
			mainGroup = 6003F581195388D10070C39A;
			productRefGroup = 6003F58B195388D20070C39A /* Products */;
			projectDirPath = "";
			projectRoot = "";
			targets = (
				6003F589195388D20070C39A /* VEUI_Example */,
				6003F5AD195388D20070C39A /* VEUI_Tests */,
			);
		};
/* End PBXProject section */

/* Begin PBXResourcesBuildPhase section */
		6003F588195388D20070C39A /* Resources */ = {
			isa = PBXResourcesBuildPhase;
			buildActionMask = 2147483647;
			files = (
				873B8AEB1B1F5CCA007FD442 /* Main.storyboard in Resources */,
				71719F9F1E33DC2100824A3D /* LaunchScreen.storyboard in Resources */,
				6003F5A9195388D20070C39A /* Images.xcassets in Resources */,
				178CFFC125E50AD100699E7D /* refresh@2x.png in Resources */,
				6003F598195388D20070C39A /* InfoPlist.strings in Resources */,
				178AE4B425F1CFD400B3863E /* test.png in Resources */,
			);
			runOnlyForDeploymentPostprocessing = 0;
		};
		6003F5AC195388D20070C39A /* Resources */ = {
			isa = PBXResourcesBuildPhase;
			buildActionMask = 2147483647;
			files = (
				6003F5BA195388D20070C39A /* InfoPlist.strings in Resources */,
			);
			runOnlyForDeploymentPostprocessing = 0;
		};
/* End PBXResourcesBuildPhase section */

/* Begin PBXShellScriptBuildPhase section */
		397EE543E00B7377EE0DEB8B /* [CP] Embed Pods Frameworks */ = {
			isa = PBXShellScriptBuildPhase;
			buildActionMask = 2147483647;
			files = (
			);
			inputPaths = (
				"${PODS_ROOT}/Target Support Files/Pods-VEUI_Example/Pods-VEUI_Example-frameworks.sh",
				"${BUILT_PRODUCTS_DIR}/FDFullscreenPopGesture/FDFullscreenPopGesture.framework",
				"${BUILT_PRODUCTS_DIR}/SDWebImage/SDWebImage.framework",
				"${BUILT_PRODUCTS_DIR}/VEUI/VEUI.framework",
			);
			name = "[CP] Embed Pods Frameworks";
			outputPaths = (
				"${TARGET_BUILD_DIR}/${FRAMEWORKS_FOLDER_PATH}/FDFullscreenPopGesture.framework",
				"${TARGET_BUILD_DIR}/${FRAMEWORKS_FOLDER_PATH}/SDWebImage.framework",
				"${TARGET_BUILD_DIR}/${FRAMEWORKS_FOLDER_PATH}/VEUI.framework",
			);
			runOnlyForDeploymentPostprocessing = 0;
			shellPath = /bin/sh;
			shellScript = "\"${PODS_ROOT}/Target Support Files/Pods-VEUI_Example/Pods-VEUI_Example-frameworks.sh\"\n";
			showEnvVarsInLog = 0;
		};
		434589F02B8EED3226F763EB /* [CP] Embed Pods Frameworks */ = {
			isa = PBXShellScriptBuildPhase;
			buildActionMask = 2147483647;
			files = (
			);
			inputPaths = (
				"${PODS_ROOT}/Target Support Files/Pods-VEUI_Tests/Pods-VEUI_Tests-frameworks.sh",
				"${BUILT_PRODUCTS_DIR}/FBSnapshotTestCase/FBSnapshotTestCase.framework",
			);
			name = "[CP] Embed Pods Frameworks";
			outputPaths = (
				"${TARGET_BUILD_DIR}/${FRAMEWORKS_FOLDER_PATH}/FBSnapshotTestCase.framework",
			);
			runOnlyForDeploymentPostprocessing = 0;
			shellPath = /bin/sh;
			shellScript = "\"${PODS_ROOT}/Target Support Files/Pods-VEUI_Tests/Pods-VEUI_Tests-frameworks.sh\"\n";
			showEnvVarsInLog = 0;
		};
		539DB25B162AF1ABE0473CF3 /* [CP] Check Pods Manifest.lock */ = {
			isa = PBXShellScriptBuildPhase;
			buildActionMask = 2147483647;
			files = (
			);
			inputFileListPaths = (
			);
			inputPaths = (
				"${PODS_PODFILE_DIR_PATH}/Podfile.lock",
				"${PODS_ROOT}/Manifest.lock",
			);
			name = "[CP] Check Pods Manifest.lock";
			outputFileListPaths = (
			);
			outputPaths = (
				"$(DERIVED_FILE_DIR)/Pods-VEUI_Example-checkManifestLockResult.txt",
			);
			runOnlyForDeploymentPostprocessing = 0;
			shellPath = /bin/sh;
			shellScript = "diff \"${PODS_PODFILE_DIR_PATH}/Podfile.lock\" \"${PODS_ROOT}/Manifest.lock\" > /dev/null\nif [ $? != 0 ] ; then\n    # print error to STDERR\n    echo \"error: The sandbox is not in sync with the Podfile.lock. Run 'pod install' or update your CocoaPods installation.\" >&2\n    exit 1\nfi\n# This output is used by Xcode 'outputs' to avoid re-running this script phase.\necho \"SUCCESS\" > \"${SCRIPT_OUTPUT_FILE_0}\"\n";
			showEnvVarsInLog = 0;
		};
		5AF241F6119048F04144A5C5 /* [CP] Check Pods Manifest.lock */ = {
			isa = PBXShellScriptBuildPhase;
			buildActionMask = 2147483647;
			files = (
			);
			inputFileListPaths = (
			);
			inputPaths = (
				"${PODS_PODFILE_DIR_PATH}/Podfile.lock",
				"${PODS_ROOT}/Manifest.lock",
			);
			name = "[CP] Check Pods Manifest.lock";
			outputFileListPaths = (
			);
			outputPaths = (
				"$(DERIVED_FILE_DIR)/Pods-VEUI_Tests-checkManifestLockResult.txt",
			);
			runOnlyForDeploymentPostprocessing = 0;
			shellPath = /bin/sh;
			shellScript = "diff \"${PODS_PODFILE_DIR_PATH}/Podfile.lock\" \"${PODS_ROOT}/Manifest.lock\" > /dev/null\nif [ $? != 0 ] ; then\n    # print error to STDERR\n    echo \"error: The sandbox is not in sync with the Podfile.lock. Run 'pod install' or update your CocoaPods installation.\" >&2\n    exit 1\nfi\n# This output is used by Xcode 'outputs' to avoid re-running this script phase.\necho \"SUCCESS\" > \"${SCRIPT_OUTPUT_FILE_0}\"\n";
			showEnvVarsInLog = 0;
		};
/* End PBXShellScriptBuildPhase section */

/* Begin PBXSourcesBuildPhase section */
		6003F586195388D20070C39A /* Sources */ = {
			isa = PBXSourcesBuildPhase;
			buildActionMask = 2147483647;
			files = (
				177A43B52684182E00FC0B6E /* VEBannerController.m in Sources */,
				6003F59E195388D20070C39A /* VEUIAppDelegate.m in Sources */,
				177B02CE25F748D90006D692 /* VEModelController.m in Sources */,
				176DC55125F6591A006F6BAA /* VEPopoverViewController.m in Sources */,
				6003F5A7195388D20070C39A /* VEUIViewController.m in Sources */,
				177B02D525F7490A0006D692 /* VETestModel.m in Sources */,
				17C5BA80266F6326000AB312 /* VEUITextViewCategoryViewController.m in Sources */,
				6003F59A195388D20070C39A /* main.m in Sources */,
				1797416325F88FE40013F198 /* VETabController.m in Sources */,
				1708741C26FAD0E80022FD8E /* VEBubbleViewController.m in Sources */,
				17B275B92601E3BD0064A173 /* VETabContentView.m in Sources */,
				178CFFA325E4943300699E7D /* VEUIModel.m in Sources */,
				177B0ACD25FA259A003E37A0 /* VETestSonSubModel.m in Sources */,
				179741C725F907A80013F198 /* VENoticeBarController.m in Sources */,
				177708E925E76BFA00B9937B /* VEImageBrowserViewController.m in Sources */,
				175A02F4268AB2EE008A6D79 /* VEUIAlertCategoryViewController.m in Sources */,
				177B0A8125F9F2C1003E37A0 /* VETestSubModel.m in Sources */,
				178AE4BA25F1D08000B3863E /* VEUIImageCategoryViewController.m in Sources */,
				1710480C271FC273000EB447 /* VEUIViewCategoryViewController.m in Sources */,
				1778CE092671A6C500277EF1 /* VEUITabbarCategoryController.m in Sources */,
				17CBB4D22685731E00193142 /* VECollectionViewFlowLayoutController.m in Sources */,
				178CFF9E25E493CA00699E7D /* VEToastViewController.m in Sources */,
			);
			runOnlyForDeploymentPostprocessing = 0;
		};
		6003F5AA195388D20070C39A /* Sources */ = {
			isa = PBXSourcesBuildPhase;
			buildActionMask = 2147483647;
			files = (
				6003F5BC195388D20070C39A /* Tests.m in Sources */,
			);
			runOnlyForDeploymentPostprocessing = 0;
		};
/* End PBXSourcesBuildPhase section */

/* Begin PBXTargetDependency section */
		6003F5B4195388D20070C39A /* PBXTargetDependency */ = {
			isa = PBXTargetDependency;
			target = 6003F589195388D20070C39A /* VEUI_Example */;
			targetProxy = 6003F5B3195388D20070C39A /* PBXContainerItemProxy */;
		};
/* End PBXTargetDependency section */

/* Begin PBXVariantGroup section */
		6003F596195388D20070C39A /* InfoPlist.strings */ = {
			isa = PBXVariantGroup;
			children = (
				6003F597195388D20070C39A /* en */,
			);
			name = InfoPlist.strings;
			sourceTree = "<group>";
		};
		6003F5B8195388D20070C39A /* InfoPlist.strings */ = {
			isa = PBXVariantGroup;
			children = (
				6003F5B9195388D20070C39A /* en */,
			);
			name = InfoPlist.strings;
			sourceTree = "<group>";
		};
		71719F9D1E33DC2100824A3D /* LaunchScreen.storyboard */ = {
			isa = PBXVariantGroup;
			children = (
				71719F9E1E33DC2100824A3D /* Base */,
			);
			name = LaunchScreen.storyboard;
			sourceTree = "<group>";
		};
/* End PBXVariantGroup section */

/* Begin XCBuildConfiguration section */
		6003F5BD195388D20070C39A /* Debug */ = {
			isa = XCBuildConfiguration;
			buildSettings = {
				ALWAYS_SEARCH_USER_PATHS = NO;
				CLANG_CXX_LANGUAGE_STANDARD = "gnu++0x";
				CLANG_CXX_LIBRARY = "libc++";
				CLANG_ENABLE_MODULES = YES;
				CLANG_ENABLE_OBJC_ARC = YES;
				CLANG_WARN_BOOL_CONVERSION = YES;
				CLANG_WARN_CONSTANT_CONVERSION = YES;
				CLANG_WARN_DIRECT_OBJC_ISA_USAGE = YES_ERROR;
				CLANG_WARN_EMPTY_BODY = YES;
				CLANG_WARN_ENUM_CONVERSION = YES;
				CLANG_WARN_INT_CONVERSION = YES;
				CLANG_WARN_OBJC_ROOT_CLASS = YES_ERROR;
				CLANG_WARN__DUPLICATE_METHOD_MATCH = YES;
				"CODE_SIGN_IDENTITY[sdk=iphoneos*]" = "iPhone Developer";
				COPY_PHASE_STRIP = NO;
				ENABLE_TESTABILITY = YES;
				GCC_C_LANGUAGE_STANDARD = gnu99;
				GCC_DYNAMIC_NO_PIC = NO;
				GCC_OPTIMIZATION_LEVEL = 0;
				GCC_PREPROCESSOR_DEFINITIONS = (
					"DEBUG=1",
					"$(inherited)",
				);
				GCC_SYMBOLS_PRIVATE_EXTERN = NO;
				GCC_WARN_64_TO_32_BIT_CONVERSION = YES;
				GCC_WARN_ABOUT_RETURN_TYPE = YES_ERROR;
				GCC_WARN_UNDECLARED_SELECTOR = YES;
				GCC_WARN_UNINITIALIZED_AUTOS = YES_AGGRESSIVE;
				GCC_WARN_UNUSED_FUNCTION = YES;
				GCC_WARN_UNUSED_VARIABLE = YES;
				IPHONEOS_DEPLOYMENT_TARGET = 9.3;
				ONLY_ACTIVE_ARCH = YES;
				SDKROOT = iphoneos;
				TARGETED_DEVICE_FAMILY = "1,2";
			};
			name = Debug;
		};
		6003F5BE195388D20070C39A /* Release */ = {
			isa = XCBuildConfiguration;
			buildSettings = {
				ALWAYS_SEARCH_USER_PATHS = NO;
				CLANG_CXX_LANGUAGE_STANDARD = "gnu++0x";
				CLANG_CXX_LIBRARY = "libc++";
				CLANG_ENABLE_MODULES = YES;
				CLANG_ENABLE_OBJC_ARC = YES;
				CLANG_WARN_BOOL_CONVERSION = YES;
				CLANG_WARN_CONSTANT_CONVERSION = YES;
				CLANG_WARN_DIRECT_OBJC_ISA_USAGE = YES_ERROR;
				CLANG_WARN_EMPTY_BODY = YES;
				CLANG_WARN_ENUM_CONVERSION = YES;
				CLANG_WARN_INT_CONVERSION = YES;
				CLANG_WARN_OBJC_ROOT_CLASS = YES_ERROR;
				CLANG_WARN__DUPLICATE_METHOD_MATCH = YES;
				"CODE_SIGN_IDENTITY[sdk=iphoneos*]" = "iPhone Developer";
				COPY_PHASE_STRIP = YES;
				ENABLE_NS_ASSERTIONS = NO;
				GCC_C_LANGUAGE_STANDARD = gnu99;
				GCC_WARN_64_TO_32_BIT_CONVERSION = YES;
				GCC_WARN_ABOUT_RETURN_TYPE = YES_ERROR;
				GCC_WARN_UNDECLARED_SELECTOR = YES;
				GCC_WARN_UNINITIALIZED_AUTOS = YES_AGGRESSIVE;
				GCC_WARN_UNUSED_FUNCTION = YES;
				GCC_WARN_UNUSED_VARIABLE = YES;
				IPHONEOS_DEPLOYMENT_TARGET = 9.3;
				SDKROOT = iphoneos;
				TARGETED_DEVICE_FAMILY = "1,2";
				VALIDATE_PRODUCT = YES;
			};
			name = Release;
		};
		6003F5C0195388D20070C39A /* Debug */ = {
			isa = XCBuildConfiguration;
			baseConfigurationReference = 65D9A319D96955CFFDA0C504 /* Pods-VEUI_Example.debug.xcconfig */;
			buildSettings = {
				ASSETCATALOG_COMPILER_APPICON_NAME = AppIcon;
				DEVELOPMENT_TEAM = 4GC9T5YF3L;
				GCC_PRECOMPILE_PREFIX_HEADER = YES;
				GCC_PREFIX_HEADER = "VEUI/VEUI-Prefix.pch";
				INFOPLIST_FILE = "VEUI/VEUI-Info.plist";
				IPHONEOS_DEPLOYMENT_TARGET = 10.0;
				MODULE_NAME = ExampleApp;
				PRODUCT_BUNDLE_IDENTIFIER = com.vedeng.veui;
				PRODUCT_NAME = "$(TARGET_NAME)";
				SWIFT_VERSION = 4.0;
				WRAPPER_EXTENSION = app;
			};
			name = Debug;
		};
		6003F5C1195388D20070C39A /* Release */ = {
			isa = XCBuildConfiguration;
			baseConfigurationReference = DFA54D22401755049A4188B8 /* Pods-VEUI_Example.release.xcconfig */;
			buildSettings = {
				ASSETCATALOG_COMPILER_APPICON_NAME = AppIcon;
				DEVELOPMENT_TEAM = 4GC9T5YF3L;
				GCC_PRECOMPILE_PREFIX_HEADER = YES;
				GCC_PREFIX_HEADER = "VEUI/VEUI-Prefix.pch";
				INFOPLIST_FILE = "VEUI/VEUI-Info.plist";
				IPHONEOS_DEPLOYMENT_TARGET = 10.0;
				MODULE_NAME = ExampleApp;
				PRODUCT_BUNDLE_IDENTIFIER = com.vedeng.veui;
				PRODUCT_NAME = "$(TARGET_NAME)";
				SWIFT_VERSION = 4.0;
				WRAPPER_EXTENSION = app;
			};
			name = Release;
		};
		6003F5C3195388D20070C39A /* Debug */ = {
			isa = XCBuildConfiguration;
			baseConfigurationReference = 5CBAC9892815EAA160C315BB /* Pods-VEUI_Tests.debug.xcconfig */;
			buildSettings = {
				BUNDLE_LOADER = "$(TEST_HOST)";
				FRAMEWORK_SEARCH_PATHS = (
					"$(PLATFORM_DIR)/Developer/Library/Frameworks",
					"$(inherited)",
					"$(DEVELOPER_FRAMEWORKS_DIR)",
				);
				GCC_PRECOMPILE_PREFIX_HEADER = YES;
				GCC_PREFIX_HEADER = "Tests/Tests-Prefix.pch";
				GCC_PREPROCESSOR_DEFINITIONS = (
					"DEBUG=1",
					"$(inherited)",
				);
				INFOPLIST_FILE = "Tests/Tests-Info.plist";
				PRODUCT_BUNDLE_IDENTIFIER = "org.cocoapods.demo.${PRODUCT_NAME:rfc1034identifier}";
				PRODUCT_NAME = "$(TARGET_NAME)";
				SWIFT_VERSION = 4.0;
				TEST_HOST = "$(BUILT_PRODUCTS_DIR)/VEUI_Example.app/VEUI_Example";
				WRAPPER_EXTENSION = xctest;
			};
			name = Debug;
		};
		6003F5C4195388D20070C39A /* Release */ = {
			isa = XCBuildConfiguration;
			baseConfigurationReference = 1E109A29C6B4F1DBACEEE42A /* Pods-VEUI_Tests.release.xcconfig */;
			buildSettings = {
				BUNDLE_LOADER = "$(TEST_HOST)";
				FRAMEWORK_SEARCH_PATHS = (
					"$(PLATFORM_DIR)/Developer/Library/Frameworks",
					"$(inherited)",
					"$(DEVELOPER_FRAMEWORKS_DIR)",
				);
				GCC_PRECOMPILE_PREFIX_HEADER = YES;
				GCC_PREFIX_HEADER = "Tests/Tests-Prefix.pch";
				INFOPLIST_FILE = "Tests/Tests-Info.plist";
				PRODUCT_BUNDLE_IDENTIFIER = "org.cocoapods.demo.${PRODUCT_NAME:rfc1034identifier}";
				PRODUCT_NAME = "$(TARGET_NAME)";
				SWIFT_VERSION = 4.0;
				TEST_HOST = "$(BUILT_PRODUCTS_DIR)/VEUI_Example.app/VEUI_Example";
				WRAPPER_EXTENSION = xctest;
			};
			name = Release;
		};
/* End XCBuildConfiguration section */

/* Begin XCConfigurationList section */
		6003F585195388D10070C39A /* Build configuration list for PBXProject "VEUI" */ = {
			isa = XCConfigurationList;
			buildConfigurations = (
				6003F5BD195388D20070C39A /* Debug */,
				6003F5BE195388D20070C39A /* Release */,
			);
			defaultConfigurationIsVisible = 0;
			defaultConfigurationName = Release;
		};
		6003F5BF195388D20070C39A /* Build configuration list for PBXNativeTarget "VEUI_Example" */ = {
			isa = XCConfigurationList;
			buildConfigurations = (
				6003F5C0195388D20070C39A /* Debug */,
				6003F5C1195388D20070C39A /* Release */,
			);
			defaultConfigurationIsVisible = 0;
			defaultConfigurationName = Release;
		};
		6003F5C2195388D20070C39A /* Build configuration list for PBXNativeTarget "VEUI_Tests" */ = {
			isa = XCConfigurationList;
			buildConfigurations = (
				6003F5C3195388D20070C39A /* Debug */,
				6003F5C4195388D20070C39A /* Release */,
			);
			defaultConfigurationIsVisible = 0;
			defaultConfigurationName = Release;
		};
/* End XCConfigurationList section */
	};
	rootObject = 6003F582195388D10070C39A /* Project object */;
}
